
Microsoft Visual Studio Solution File, Format Version 12.00
# Visual Studio Version 17
VisualStudioVersion = 17.14.37111.16 d17.14
MinimumVisualStudioVersion = 10.0.40219.1
Project("{FAE04EC0-301F-11D3-BF4B-00C04F79EFBC}") = "LOGIN", "LOGIN\LOGIN.csproj", "{9401701C-9897-46D2-B089-DC9C71756014}"
EndProject
Global
	GlobalSection(SolutionConfigurationPlatforms) = preSolution
		Debug|Any CPU = Debug|Any CPU
		Release|Any CPU = Release|Any CPU
	EndGlobalSection
	GlobalSection(ProjectConfigurationPlatforms) = postSolution
		{9401701C-9897-46D2-B089-DC9C71756014}.Debug|Any CPU.ActiveCfg = Debug|Any CPU
		{9401701C-9897-46D2-B089-DC9C71756014}.Debug|Any CPU.Build.0 = Debug|Any CPU
		{9401701C-9897-46D2-B089-DC9C71756014}.Release|Any CPU.ActiveCfg = Release|Any CPU
		{9401701C-9897-46D2-B089-DC9C71756014}.Release|Any CPU.Build.0 = Release|Any CPU
	EndGlobalSection
	GlobalSection(SolutionProperties) = preSolution
		HideSolutionNode = FALSE
	EndGlobalSection
	GlobalSection(ExtensibilityGlobals) = postSolution
		SolutionGuid = {9EB09765-D713-4E8B-BE96-E7EA643EF3D5}
	EndGlobalSection
EndGlobal
